// !$*UTF8*$!
{
	archiveVersion = 1;
	classes = {
	};
	objectVersion = 46;
	objects = {

/* Begin PBXBuildFile section */
		2BE712A2193F21A40017EAD0 /* main.m in Sources */ = {isa = PBXBuildFile; fileRef = 2BE712A1193F21A40017EAD0 /* main.m */; };
		2BE712A5193F21A40017EAD0 /* AppDelegate.m in Sources */ = {isa = PBXBuildFile; fileRef = 2BE712A4193F21A40017EAD0 /* AppDelegate.m */; };
		2BE712A8193F21A40017EAD0 /* ViewController.m in Sources */ = {isa = PBXBuildFile; fileRef = 2BE712A7193F21A40017EAD0 /* ViewController.m */; };
		2BE712AB193F21A40017EAD0 /* Main.storyboard in Resources */ = {isa = PBXBuildFile; fileRef = 2BE712A9193F21A40017EAD0 /* Main.storyboard */; };
		2BE712AD193F21A40017EAD0 /* Images.xcassets in Resources */ = {isa = PBXBuildFile; fileRef = 2BE712AC193F21A40017EAD0 /* Images.xcassets */; };
		2BE712B9193F21A40017EAD0 /* BlurTests.m in Sources */ = {isa = PBXBuildFile; fileRef = 2BE712B8193F21A40017EAD0 /* BlurTests.m */; };
		2BE712C3193F22170017EAD0 /* Ben@2x.png in Resources */ = {isa = PBXBuildFile; fileRef = 2BE712C2193F22170017EAD0 /* Ben@2x.png */; };
/* End PBXBuildFile section */

/* Begin PBXContainerItemProxy section */
		2BE712B3193F21A40017EAD0 /* PBXContainerItemProxy */ = {
			isa = PBXContainerItemProxy;
			containerPortal = 2BE71294193F21A40017EAD0 /* Project object */;
			proxyType = 1;
			remoteGlobalIDString = 2BE7129B193F21A40017EAD0;
			remoteInfo = Blur;
		};
/* End PBXContainerItemProxy section */

/* Begin PBXFileReference section */
		2BE7129C193F21A40017EAD0 /* Blur.app */ = {isa = PBXFileReference; explicitFileType = wrapper.application; includeInIndex = 0; path = Blur.app; sourceTree = BUILT_PRODUCTS_DIR; };
		2BE712A0193F21A40017EAD0 /* Info.plist */ = {isa = PBXFileReference; lastKnownFileType = text.plist.xml; path = Info.plist; sourceTree = "<group>"; };
		2BE712A1193F21A40017EAD0 /* main.m */ = {isa = PBXFileReference; lastKnownFileType = sourcecode.c.objc; path = main.m; sourceTree = "<group>"; };
		2BE712A3193F21A40017EAD0 /* AppDelegate.h */ = {isa = PBXFileReference; lastKnownFileType = sourcecode.c.h; path = AppDelegate.h; sourceTree = "<group>"; };
		2BE712A4193F21A40017EAD0 /* AppDelegate.m */ = {isa = PBXFileReference; lastKnownFileType = sourcecode.c.objc; path = AppDelegate.m; sourceTree = "<group>"; };
		2BE712A6193F21A40017EAD0 /* ViewController.h */ = {isa = PBXFileReference; lastKnownFileType = sourcecode.c.h; path = ViewController.h; sourceTree = "<group>"; };
		2BE712A7193F21A40017EAD0 /* ViewController.m */ = {isa = PBXFileReference; lastKnownFileType = sourcecode.c.objc; path = ViewController.m; sourceTree = "<group>"; };
		2BE712AA193F21A40017EAD0 /* Base */ = {isa = PBXFileReference; lastKnownFileType = file.storyboard; name = Base; path = Base.lproj/Main.storyboard; sourceTree = "<group>"; };
		2BE712AC193F21A40017EAD0 /* Images.xcassets */ = {isa = PBXFileReference; lastKnownFileType = folder.assetcatalog; path = Images.xcassets; sourceTree = "<group>"; };
		2BE712B2193F21A40017EAD0 /* BlurTests.xctest */ = {isa = PBXFileReference; explicitFileType = wrapper.cfbundle; includeInIndex = 0; path = BlurTests.xctest; sourceTree = BUILT_PRODUCTS_DIR; };
		2BE712B7193F21A40017EAD0 /* Info.plist */ = {isa = PBXFileReference; lastKnownFileType = text.plist.xml; path = Info.plist; sourceTree = "<group>"; };
		2BE712B8193F21A40017EAD0 /* BlurTests.m */ = {isa = PBXFileReference; lastKnownFileType = sourcecode.c.objc; path = BlurTests.m; sourceTree = "<group>"; };
		2BE712C2193F22170017EAD0 /* Ben@2x.png */ = {isa = PBXFileReference; lastKnownFileType = image.png; path = "Ben@2x.png"; sourceTree = "<group>"; };
/* End PBXFileReference section */

/* Begin PBXFrameworksBuildPhase section */
		2BE71299193F21A40017EAD0 /* Frameworks */ = {
			isa = PBXFrameworksBuildPhase;
			buildActionMask = 2147483647;
			files = (
			);
			runOnlyForDeploymentPostprocessing = 0;
		};
		2BE712AF193F21A40017EAD0 /* Frameworks */ = {
			isa = PBXFrameworksBuildPhase;
			buildActionMask = 2147483647;
			files = (
			);
			runOnlyForDeploymentPostprocessing = 0;
		};
/* End PBXFrameworksBuildPhase section */

/* Begin PBXGroup section */
		2BE71293193F21A40017EAD0 = {
			isa = PBXGroup;
			children = (
				2BE7129E193F21A40017EAD0 /* Blur */,
				2BE712B5193F21A40017EAD0 /* BlurTests */,
				2BE7129D193F21A40017EAD0 /* Products */,
			);
			sourceTree = "<group>";
		};
		2BE7129D193F21A40017EAD0 /* Products */ = {
			isa = PBXGroup;
			children = (
				2BE7129C193F21A40017EAD0 /* Blur.app */,
				2BE712B2193F21A40017EAD0 /* BlurTests.xctest */,
			);
			name = Products;
			sourceTree = "<group>";
		};
		2BE7129E193F21A40017EAD0 /* Blur */ = {
			isa = PBXGroup;
			children = (
				2BE712A3193F21A40017EAD0 /* AppDelegate.h */,
				2BE712A4193F21A40017EAD0 /* AppDelegate.m */,
				2BE712A6193F21A40017EAD0 /* ViewController.h */,
				2BE712A7193F21A40017EAD0 /* ViewController.m */,
				2BE712C2193F22170017EAD0 /* Ben@2x.png */,
				2BE712A9193F21A40017EAD0 /* Main.storyboard */,
				2BE712AC193F21A40017EAD0 /* Images.xcassets */,
				2BE7129F193F21A40017EAD0 /* Supporting Files */,
			);
			path = Blur;
			sourceTree = "<group>";
		};
		2BE7129F193F21A40017EAD0 /* Supporting Files */ = {
			isa = PBXGroup;
			children = (
				2BE712A0193F21A40017EAD0 /* Info.plist */,
				2BE712A1193F21A40017EAD0 /* main.m */,
			);
			name = "Supporting Files";
			sourceTree = "<group>";
		};
		2BE712B5193F21A40017EAD0 /* BlurTests */ = {
			isa = PBXGroup;
			children = (
				2BE712B8193F21A40017EAD0 /* BlurTests.m */,
				2BE712B6193F21A40017EAD0 /* Supporting Files */,
			);
			path = BlurTests;
			sourceTree = "<group>";
		};
		2BE712B6193F21A40017EAD0 /* Supporting Files */ = {
			isa = PBXGroup;
			children = (
				2BE712B7193F21A40017EAD0 /* Info.plist */,
			);
			name = "Supporting Files";
			sourceTree = "<group>";
		};
/* End PBXGroup section */

/* Begin PBXNativeTarget section */
		2BE7129B193F21A40017EAD0 /* Blur */ = {
			isa = PBXNativeTarget;
			buildConfigurationList = 2BE712BC193F21A40017EAD0 /* Build configuration list for PBXNativeTarget "Blur" */;
			buildPhases = (
				2BE71298193F21A40017EAD0 /* Sources */,
				2BE71299193F21A40017EAD0 /* Frameworks */,
				2BE7129A193F21A40017EAD0 /* Resources */,
			);
			buildRules = (
			);
			dependencies = (
			);
			name = Blur;
			productName = Blur;
			productReference = 2BE7129C193F21A40017EAD0 /* Blur.app */;
			productType = "com.apple.product-type.application";
		};
		2BE712B1193F21A40017EAD0 /* BlurTests */ = {
			isa = PBXNativeTarget;
			buildConfigurationList = 2BE712BF193F21A40017EAD0 /* Build configuration list for PBXNativeTarget "BlurTests" */;
			buildPhases = (
				2BE712AE193F21A40017EAD0 /* Sources */,
				2BE712AF193F21A40017EAD0 /* Frameworks */,
				2BE712B0193F21A40017EAD0 /* Resources */,
			);
			buildRules = (
			);
			dependencies = (
				2BE712B4193F21A40017EAD0 /* PBXTargetDependency */,
			);
			name = BlurTests;
			productName = BlurTests;
			productReference = 2BE712B2193F21A40017EAD0 /* BlurTests.xctest */;
			productType = "com.apple.product-type.bundle.unit-test";
		};
/* End PBXNativeTarget section */

/* Begin PBXProject section */
		2BE71294193F21A40017EAD0 /* Project object */ = {
			isa = PBXProject;
			attributes = {
				LastUpgradeCheck = 0600;
				ORGANIZATIONNAME = "Ben Dodson Apps";
				TargetAttributes = {
					2BE7129B193F21A40017EAD0 = {
						CreatedOnToolsVersion = 6.0;
					};
					2BE712B1193F21A40017EAD0 = {
						CreatedOnToolsVersion = 6.0;
						TestTargetID = 2BE7129B193F21A40017EAD0;
					};
				};
			};
			buildConfigurationList = 2BE71297193F21A40017EAD0 /* Build configuration list for PBXProject "Blur" */;
			compatibilityVersion = "Xcode 3.2";
			developmentRegion = English;
			hasScannedForEncodings = 0;
			knownRegions = (
				en,
				Base,
			);
			mainGroup = 2BE71293193F21A40017EAD0;
			productRefGroup = 2BE7129D193F21A40017EAD0 /* Products */;
			projectDirPath = "";
			projectRoot = "";
			targets = (
				2BE7129B193F21A40017EAD0 /* Blur */,
				2BE712B1193F21A40017EAD0 /* BlurTests */,
			);
		};
/* End PBXProject section */

/* Begin PBXResourcesBuildPhase section */
		2BE7129A193F21A40017EAD0 /* Resources */ = {
			isa = PBXResourcesBuildPhase;
			buildActionMask = 2147483647;
			files = (
				2BE712AB193F21A40017EAD0 /* Main.storyboard in Resources */,
				2BE712C3193F22170017EAD0 /* Ben@2x.png in Resources */,
				2BE712AD193F21A40017EAD0 /* Images.xcassets in Resources */,
			);
			runOnlyForDeploymentPostprocessing = 0;
		};
		2BE712B0193F21A40017EAD0 /* Resources */ = {
			isa = PBXResourcesBuildPhase;
			buildActionMask = 2147483647;
			files = (
			);
			runOnlyForDeploymentPostprocessing = 0;
		};
/* End PBXResourcesBuildPhase section */

/* Begin PBXSourcesBuildPhase section */
		2BE71298193F21A40017EAD0 /* Sources */ = {
			isa = PBXSourcesBuildPhase;
			buildActionMask = 2147483647;
			files = (
				2BE712A8193F21A40017EAD0 /* ViewController.m in Sources */,
				2BE712A5193F21A40017EAD0 /* AppDelegate.m in Sources */,
				2BE712A2193F21A40017EAD0 /* main.m in Sources */,
			);
			runOnlyForDeploymentPostprocessing = 0;
		};
		2BE712AE193F21A40017EAD0 /* Sources */ = {
			isa = PBXSourcesBuildPhase;
			buildActionMask = 2147483647;
			files = (
				2BE712B9193F21A40017EAD0 /* BlurTests.m in Sources */,
			);
			runOnlyForDeploymentPostprocessing = 0;
		};
/* End PBXSourcesBuildPhase section */

/* Begin PBXTargetDependency section */
		2BE712B4193F21A40017EAD0 /* PBXTargetDependency */ = {
			isa = PBXTargetDependency;
			target = 2BE7129B193F21A40017EAD0 /* Blur */;
			targetProxy = 2BE712B3193F21A40017EAD0 /* PBXContainerItemProxy */;
		};
/* End PBXTargetDependency section */

/* Begin PBXVariantGroup section */
		2BE712A9193F21A40017EAD0 /* Main.storyboard */ = {
			isa = PBXVariantGroup;
			children = (
				2BE712AA193F21A40017EAD0 /* Base */,
			);
			name = Main.storyboard;
			sourceTree = "<group>";
		};
/* End PBXVariantGroup section */

/* Begin XCBuildConfiguration section */
		2BE712BA193F21A40017EAD0 /* Debug */ = {
			isa = XCBuildConfiguration;
			buildSettings = {
				ALWAYS_SEARCH_USER_PATHS = NO;
				CLANG_CXX_LANGUAGE_STANDARD = "gnu++0x";
				CLANG_CXX_LIBRARY = "libc++";
				CLANG_ENABLE_MODULES = YES;
				CLANG_ENABLE_OBJC_ARC = YES;
				CLANG_WARN_BOOL_CONVERSION = YES;
				CLANG_WARN_CONSTANT_CONVERSION = YES;
				CLANG_WARN_DIRECT_OBJC_ISA_USAGE = YES_ERROR;
				CLANG_WARN_EMPTY_BODY = YES;
				CLANG_WARN_ENUM_CONVERSION = YES;
				CLANG_WARN_INT_CONVERSION = YES;
				CLANG_WARN_OBJC_ROOT_CLASS = YES_ERROR;
				CLANG_WARN_UNREACHABLE_CODE = YES;
				CLANG_WARN__DUPLICATE_METHOD_MATCH = YES;
				"CODE_SIGN_IDENTITY[sdk=iphoneos*]" = "iPhone Developer";
				COPY_PHASE_STRIP = NO;
				ENABLE_STRICT_OBJC_MSGSEND = YES;
				GCC_C_LANGUAGE_STANDARD = gnu99;
				GCC_DYNAMIC_NO_PIC = NO;
				GCC_OPTIMIZATION_LEVEL = 0;
				GCC_PREPROCESSOR_DEFINITIONS = (
					"DEBUG=1",
					"$(inherited)",
				);
				GCC_SYMBOLS_PRIVATE_EXTERN = NO;
				GCC_WARN_64_TO_32_BIT_CONVERSION = YES;
				GCC_WARN_ABOUT_RETURN_TYPE = YES_ERROR;
				GCC_WARN_UNDECLARED_SELECTOR = YES;
				GCC_WARN_UNINITIALIZED_AUTOS = YES_AGGRESSIVE;
				GCC_WARN_UNUSED_FUNCTION = YES;
				GCC_WARN_UNUSED_VARIABLE = YES;
				IPHONEOS_DEPLOYMENT_TARGET = 8.0;
				METAL_ENABLE_DEBUG_INFO = YES;
				ONLY_ACTIVE_ARCH = YES;
				SDKROOT = iphoneos;
				TARGETED_DEVICE_FAMILY = 2;
			};
			name = Debug;
		};
		2BE712BB193F21A40017EAD0 /* Release */ = {
			isa = XCBuildConfiguration;
			buildSettings = {
				ALWAYS_SEARCH_USER_PATHS = NO;
				CLANG_CXX_LANGUAGE_STANDARD = "gnu++0x";
				CLANG_CXX_LIBRARY = "libc++";
				CLANG_ENABLE_MODULES = YES;
				CLANG_ENABLE_OBJC_ARC = YES;
				CLANG_WARN_BOOL_CONVERSION = YES;
				CLANG_WARN_CONSTANT_CONVERSION = YES;
				CLANG_WARN_DIRECT_OBJC_ISA_USAGE = YES_ERROR;
				CLANG_WARN_EMPTY_BODY = YES;
				CLANG_WARN_ENUM_CONVERSION = YES;
				CLANG_WARN_INT_CONVERSION = YES;
				CLANG_WARN_OBJC_ROOT_CLASS = YES_ERROR;
				CLANG_WARN_UNREACHABLE_CODE = YES;
				CLANG_WARN__DUPLICATE_METHOD_MATCH = YES;
				"CODE_SIGN_IDENTITY[sdk=iphoneos*]" = "iPhone Developer";
				COPY_PHASE_STRIP = YES;
				ENABLE_NS_ASSERTIONS = NO;
				ENABLE_STRICT_OBJC_MSGSEND = YES;
				GCC_C_LANGUAGE_STANDARD = gnu99;
				GCC_WARN_64_TO_32_BIT_CONVERSION = YES;
				GCC_WARN_ABOUT_RETURN_TYPE = YES_ERROR;
				GCC_WARN_UNDECLARED_SELECTOR = YES;
				GCC_WARN_UNINITIALIZED_AUTOS = YES_AGGRESSIVE;
				GCC_WARN_UNUSED_FUNCTION = YES;
				GCC_WARN_UNUSED_VARIABLE = YES;
				IPHONEOS_DEPLOYMENT_TARGET = 8.0;
				METAL_ENABLE_DEBUG_INFO = NO;
				SDKROOT = iphoneos;
				TARGETED_DEVICE_FAMILY = 2;
				VALIDATE_PRODUCT = YES;
			};
			name = Release;
		};
		2BE712BD193F21A40017EAD0 /* Debug */ = {
			isa = XCBuildConfiguration;
			buildSettings = {
				ASSETCATALOG_COMPILER_APPICON_NAME = AppIcon;
				ASSETCATALOG_COMPILER_LAUNCHIMAGE_NAME = LaunchImage;
				INFOPLIST_FILE = Blur/Info.plist;
				LD_RUNPATH_SEARCH_PATHS = "$(inherited) @executable_path/Frameworks";
				PRODUCT_NAME = "$(TARGET_NAME)";
			};
			name = Debug;
		};
		2BE712BE193F21A40017EAD0 /* Release */ = {
			isa = XCBuildConfiguration;
			buildSettings = {
				ASSETCATALOG_COMPILER_APPICON_NAME = AppIcon;
				ASSETCATALOG_COMPILER_LAUNCHIMAGE_NAME = LaunchImage;
				INFOPLIST_FILE = Blur/Info.plist;
				LD_RUNPATH_SEARCH_PATHS = "$(inherited) @executable_path/Frameworks";
				PRODUCT_NAME = "$(TARGET_NAME)";
			};
			name = Release;
		};
		2BE712C0193F21A40017EAD0 /* Debug */ = {
			isa = XCBuildConfiguration;
			buildSettings = {
				BUNDLE_LOADER = "$(BUILT_PRODUCTS_DIR)/Blur.app/Blur";
				FRAMEWORK_SEARCH_PATHS = (
					"$(SDKROOT)/Developer/Library/Frameworks",
					"$(inherited)",
				);
				GCC_PREPROCESSOR_DEFINITIONS = (
					"DEBUG=1",
					"$(inherited)",
				);
				INFOPLIST_FILE = BlurTests/Info.plist;
				LD_RUNPATH_SEARCH_PATHS = "$(inherited) @executable_path/Frameworks @loader_path/Frameworks";
				METAL_ENABLE_DEBUG_INFO = YES;
				PRODUCT_NAME = "$(TARGET_NAME)";
				TEST_HOST = "$(BUNDLE_LOADER)";
			};
			name = Debug;
		};
		2BE712C1193F21A40017EAD0 /* Release */ = {
			isa = XCBuildConfiguration;
			buildSettings = {
				BUNDLE_LOADER = "$(BUILT_PRODUCTS_DIR)/Blur.app/Blur";
				FRAMEWORK_SEARCH_PATHS = (
					"$(SDKROOT)/Developer/Library/Frameworks",
					"$(inherited)",
				);
				INFOPLIST_FILE = BlurTests/Info.plist;
				LD_RUNPATH_SEARCH_PATHS = "$(inherited) @executable_path/Frameworks @loader_path/Frameworks";
				METAL_ENABLE_DEBUG_INFO = NO;
				PRODUCT_NAME = "$(TARGET_NAME)";
				TEST_HOST = "$(BUNDLE_LOADER)";
			};
			name = Release;
		};
/* End XCBuildConfiguration section */

/* Begin XCConfigurationList section */
		2BE71297193F21A40017EAD0 /* Build configuration list for PBXProject "Blur" */ = {
			isa = XCConfigurationList;
			buildConfigurations = (
				2BE712BA193F21A40017EAD0 /* Debug */,
				2BE712BB193F21A40017EAD0 /* Release */,
			);
			defaultConfigurationIsVisible = 0;
			defaultConfigurationName = Release;
		};
		2BE712BC193F21A40017EAD0 /* Build configuration list for PBXNativeTarget "Blur" */ = {
			isa = XCConfigurationList;
			buildConfigurations = (
				2BE712BD193F21A40017EAD0 /* Debug */,
				2BE712BE193F21A40017EAD0 /* Release */,
			);
			defaultConfigurationIsVisible = 0;
		};
		2BE712BF193F21A40017EAD0 /* Build configuration list for PBXNativeTarget "BlurTests" */ = {
			isa = XCConfigurationList;
			buildConfigurations = (
				2BE712C0193F21A40017EAD0 /* Debug */,
				2BE712C1193F21A40017EAD0 /* Release */,
			);
			defaultConfigurationIsVisible = 0;
		};
/* End XCConfigurationList section */
	};
	rootObject = 2BE71294193F21A40017EAD0 /* Project object */;
}
